
Microsoft Visual Studio Solution File, Format Version 12.00
# Visual Studio Version 17
VisualStudioVersion = 17.12.35527.113
MinimumVisualStudioVersion = 10.0.40219.1
Project("{8BC9CEB8-8B4A-11D0-8D11-00A0C91BC942}") = "LHM", "LHM\LHM.vcxproj", "{7DE48856-06BC-4CE2-B318-57C2B8289F70}"
EndProject
Project("{8BC9CEB8-8B4A-11D0-8D11-00A0C91BC942}") = "CSL", "CSL\CSL.vcxproj", "{019F595F-0852-4CD4-8DCE-4DD58ED0766E}"
EndProject
Project("{8BC9CEB8-8B4A-11D0-8D11-00A0C91BC942}") = "SHK", "SHK\SHK.vcxproj", "{656CF05B-376D-4810-A382-DE84A5B1E48B}"
EndProject
Project("{8BC9CEB8-8B4A-11D0-8D11-00A0C91BC942}") = "KGW", "KGW\KGW.vcxproj", "{29CCE672-4FFE-481C-BDD2-CAD3338EB208}"
EndProject
Project("{8BC9CEB8-8B4A-11D0-8D11-00A0C91BC942}") = "JS", "JS\JS.vcxproj", "{BC481922-8D4D-491D-95C5-715A41C9AEB9}"
EndProject
Global
	GlobalSection(SolutionConfigurationPlatforms) = preSolution
		Debug|x64 = Debug|x64
		Debug|x86 = Debug|x86
		Release|x64 = Release|x64
		Release|x86 = Release|x86
	EndGlobalSection
	GlobalSection(ProjectConfigurationPlatforms) = postSolution
		{7DE48856-06BC-4CE2-B318-57C2B8289F70}.Debug|x64.ActiveCfg = Debug|x64
		{7DE48856-06BC-4CE2-B318-57C2B8289F70}.Debug|x64.Build.0 = Debug|x64
		{7DE48856-06BC-4CE2-B318-57C2B8289F70}.Debug|x86.ActiveCfg = Debug|Win32
		{7DE48856-06BC-4CE2-B318-57C2B8289F70}.Debug|x86.Build.0 = Debug|Win32
		{7DE48856-06BC-4CE2-B318-57C2B8289F70}.Release|x64.ActiveCfg = Release|x64
		{7DE48856-06BC-4CE2-B318-57C2B8289F70}.Release|x64.Build.0 = Release|x64
		{7DE48856-06BC-4CE2-B318-57C2B8289F70}.Release|x86.ActiveCfg = Release|Win32
		{7DE48856-06BC-4CE2-B318-57C2B8289F70}.Release|x86.Build.0 = Release|Win32
		{019F595F-0852-4CD4-8DCE-4DD58ED0766E}.Debug|x64.ActiveCfg = Debug|x64
		{019F595F-0852-4CD4-8DCE-4DD58ED0766E}.Debug|x64.Build.0 = Debug|x64
		{019F595F-0852-4CD4-8DCE-4DD58ED0766E}.Debug|x86.ActiveCfg = Debug|Win32
		{019F595F-0852-4CD4-8DCE-4DD58ED0766E}.Debug|x86.Build.0 = Debug|Win32
		{019F595F-0852-4CD4-8DCE-4DD58ED0766E}.Release|x64.ActiveCfg = Release|x64
		{019F595F-0852-4CD4-8DCE-4DD58ED0766E}.Release|x64.Build.0 = Release|x64
		{019F595F-0852-4CD4-8DCE-4DD58ED0766E}.Release|x86.ActiveCfg = Release|Win32
		{019F595F-0852-4CD4-8DCE-4DD58ED0766E}.Release|x86.Build.0 = Release|Win32
		{656CF05B-376D-4810-A382-DE84A5B1E48B}.Debug|x64.ActiveCfg = Debug|x64
		{656CF05B-376D-4810-A382-DE84A5B1E48B}.Debug|x64.Build.0 = Debug|x64
		{656CF05B-376D-4810-A382-DE84A5B1E48B}.Debug|x86.ActiveCfg = Debug|Win32
		{656CF05B-376D-4810-A382-DE84A5B1E48B}.Debug|x86.Build.0 = Debug|Win32
		{656CF05B-376D-4810-A382-DE84A5B1E48B}.Release|x64.ActiveCfg = Release|x64
		{656CF05B-376D-4810-A382-DE84A5B1E48B}.Release|x64.Build.0 = Release|x64
		{656CF05B-376D-4810-A382-DE84A5B1E48B}.Release|x86.ActiveCfg = Release|Win32
		{656CF05B-376D-4810-A382-DE84A5B1E48B}.Release|x86.Build.0 = Release|Win32
		{29CCE672-4FFE-481C-BDD2-CAD3338EB208}.Debug|x64.ActiveCfg = Debug|x64
		{29CCE672-4FFE-481C-BDD2-CAD3338EB208}.Debug|x64.Build.0 = Debug|x64
		{29CCE672-4FFE-481C-BDD2-CAD3338EB208}.Debug|x86.ActiveCfg = Debug|Win32
		{29CCE672-4FFE-481C-BDD2-CAD3338EB208}.Debug|x86.Build.0 = Debug|Win32
		{29CCE672-4FFE-481C-BDD2-CAD3338EB208}.Release|x64.ActiveCfg = Release|x64
		{29CCE672-4FFE-481C-BDD2-CAD3338EB208}.Release|x64.Build.0 = Release|x64
		{29CCE672-4FFE-481C-BDD2-CAD3338EB208}.Release|x86.ActiveCfg = Release|Win32
		{29CCE672-4FFE-481C-BDD2-CAD3338EB208}.Release|x86.Build.0 = Release|Win32
		{BC481922-8D4D-491D-95C5-715A41C9AEB9}.Debug|x64.ActiveCfg = Debug|x64
		{BC481922-8D4D-491D-95C5-715A41C9AEB9}.Debug|x64.Build.0 = Debug|x64
		{BC481922-8D4D-491D-95C5-715A41C9AEB9}.Debug|x86.ActiveCfg = Debug|Win32
		{BC481922-8D4D-491D-95C5-715A41C9AEB9}.Debug|x86.Build.0 = Debug|Win32
		{BC481922-8D4D-491D-95C5-715A41C9AEB9}.Release|x64.ActiveCfg = Release|x64
		{BC481922-8D4D-491D-95C5-715A41C9AEB9}.Release|x64.Build.0 = Release|x64
		{BC481922-8D4D-491D-95C5-715A41C9AEB9}.Release|x86.ActiveCfg = Release|Win32
		{BC481922-8D4D-491D-95C5-715A41C9AEB9}.Release|x86.Build.0 = Release|Win32
	EndGlobalSection
	GlobalSection(SolutionProperties) = preSolution
		HideSolutionNode = FALSE
	EndGlobalSection
EndGlobal
